
Microsoft Visual Studio Solution File, Format Version 12.00
Project("{FAE04EC0-301F-11D3-BF4B-00C04F79EFBC}") = "Bachelor_Server", "Bachelor_Server\Bachelor_Server.csproj", "{B181C056-5E00-4CBC-91C6-43E606B46B8D}"
EndProject
Global
	GlobalSection(SolutionConfigurationPlatforms) = preSolution
		Debug|Any CPU = Debug|Any CPU
		Release|Any CPU = Release|Any CPU
	EndGlobalSection
	GlobalSection(ProjectConfigurationPlatforms) = postSolution
		{B181C056-5E00-4CBC-91C6-43E606B46B8D}.Debug|Any CPU.ActiveCfg = Debug|Any CPU
		{B181C056-5E00-4CBC-91C6-43E606B46B8D}.Debug|Any CPU.Build.0 = Debug|Any CPU
		{B181C056-5E00-4CBC-91C6-43E606B46B8D}.Release|Any CPU.ActiveCfg = Release|Any CPU
		{B181C056-5E00-4CBC-91C6-43E606B46B8D}.Release|Any CPU.Build.0 = Release|Any CPU
	EndGlobalSection
EndGlobal
